
Microsoft Visual Studio Solution File, Format Version 12.00
# Visual Studio Version 16
VisualStudioVersion = 16.0.31005.135
MinimumVisualStudioVersion = 10.0.40219.1
Project("{FAE04EC0-301F-11D3-BF4B-00C04F79EFBC}") = "EmployeesOfCompany", "EmployeesOfCompany\EmployeesOfCompany.csproj", "{517E678A-61FC-4503-BCD8-292FC6436FBF}"
EndProject
Global
	GlobalSection(SolutionConfigurationPlatforms) = preSolution
		Debug|Any CPU = Debug|Any CPU
		Release|Any CPU = Release|Any CPU
	EndGlobalSection
	GlobalSection(ProjectConfigurationPlatforms) = postSolution
		{517E678A-61FC-4503-BCD8-292FC6436FBF}.Debug|Any CPU.ActiveCfg = Debug|Any CPU
		{517E678A-61FC-4503-BCD8-292FC6436FBF}.Debug|Any CPU.Build.0 = Debug|Any CPU
		{517E678A-61FC-4503-BCD8-292FC6436FBF}.Release|Any CPU.ActiveCfg = Release|Any CPU
		{517E678A-61FC-4503-BCD8-292FC6436FBF}.Release|Any CPU.Build.0 = Release|Any CPU
	EndGlobalSection
	GlobalSection(SolutionProperties) = preSolution
		HideSolutionNode = FALSE
	EndGlobalSection
	GlobalSection(ExtensibilityGlobals) = postSolution
		SolutionGuid = {032A6CD0-D87A-4BE3-AAF1-478A2324DDC7}
	EndGlobalSection
EndGlobal
